
Microsoft Visual Studio Solution File, Format Version 12.00
# Visual Studio Version 16
VisualStudioVersion = 16.0.29418.71
MinimumVisualStudioVersion = 10.0.40219.1
Project("{9A19103F-16F7-4668-BE54-9A1E7A4F7556}") = "PlanC.WebApi.Server", "PlanC.WebApi.Server\PlanC.WebApi.Server.csproj", "{14849D01-F9C8-44E1-9920-0D580578D265}"
EndProject
Project("{9A19103F-16F7-4668-BE54-9A1E7A4F7556}") = "PlanC.WebApi.Shared", "PlanC.WebApi.Shared\PlanC.WebApi.Shared.csproj", "{5C32DA89-C12D-4ECC-B301-4F6EBC7808E0}"
EndProject
Project("{9A19103F-16F7-4668-BE54-9A1E7A4F7556}") = "PlanC.Web.Client", "PlanC.Web.Client\PlanC.Web.Client.csproj", "{DA91137C-1981-4E6F-9E6C-1BF643EF716F}"
EndProject
Global
	GlobalSection(SolutionConfigurationPlatforms) = preSolution
		Debug|Any CPU = Debug|Any CPU
		Release|Any CPU = Release|Any CPU
	EndGlobalSection
	GlobalSection(ProjectConfigurationPlatforms) = postSolution
		{14849D01-F9C8-44E1-9920-0D580578D265}.Debug|Any CPU.ActiveCfg = Debug|Any CPU
		{14849D01-F9C8-44E1-9920-0D580578D265}.Debug|Any CPU.Build.0 = Debug|Any CPU
		{14849D01-F9C8-44E1-9920-0D580578D265}.Release|Any CPU.ActiveCfg = Release|Any CPU
		{14849D01-F9C8-44E1-9920-0D580578D265}.Release|Any CPU.Build.0 = Release|Any CPU
		{5C32DA89-C12D-4ECC-B301-4F6EBC7808E0}.Debug|Any CPU.ActiveCfg = Debug|Any CPU
		{5C32DA89-C12D-4ECC-B301-4F6EBC7808E0}.Debug|Any CPU.Build.0 = Debug|Any CPU
		{5C32DA89-C12D-4ECC-B301-4F6EBC7808E0}.Release|Any CPU.ActiveCfg = Release|Any CPU
		{5C32DA89-C12D-4ECC-B301-4F6EBC7808E0}.Release|Any CPU.Build.0 = Release|Any CPU
		{DA91137C-1981-4E6F-9E6C-1BF643EF716F}.Debug|Any CPU.ActiveCfg = Debug|Any CPU
		{DA91137C-1981-4E6F-9E6C-1BF643EF716F}.Debug|Any CPU.Build.0 = Debug|Any CPU
		{DA91137C-1981-4E6F-9E6C-1BF643EF716F}.Release|Any CPU.ActiveCfg = Release|Any CPU
		{DA91137C-1981-4E6F-9E6C-1BF643EF716F}.Release|Any CPU.Build.0 = Release|Any CPU
	EndGlobalSection
	GlobalSection(SolutionProperties) = preSolution
		HideSolutionNode = FALSE
	EndGlobalSection
	GlobalSection(ExtensibilityGlobals) = postSolution
		SolutionGuid = {389CA53F-9FD5-45D7-8028-01782BA4E6EF}
	EndGlobalSection
EndGlobal
